// !$*UTF8*$!
{
	archiveVersion = 1;
	classes = {
	};
	objectVersion = 50;
	objects = {

/* Begin PBXBuildFile section */
		68F6837A257952EA00A216E0 /* AppDelegate.m in Sources */ = {isa = PBXBuildFile; fileRef = 68F68379257952EA00A216E0 /* AppDelegate.m */; };
		68F6837D257952EA00A216E0 /* SceneDelegate.m in Sources */ = {isa = PBXBuildFile; fileRef = 68F6837C257952EA00A216E0 /* SceneDelegate.m */; };
		68F68383257952EA00A216E0 /* Main.storyboard in Resources */ = {isa = PBXBuildFile; fileRef = 68F68381257952EA00A216E0 /* Main.storyboard */; };
		68F68385257952EF00A216E0 /* Assets.xcassets in Resources */ = {isa = PBXBuildFile; fileRef = 68F68384257952EF00A216E0 /* Assets.xcassets */; };
		68F68388257952EF00A216E0 /* LaunchScreen.storyboard in Resources */ = {isa = PBXBuildFile; fileRef = 68F68386257952EF00A216E0 /* LaunchScreen.storyboard */; };
		68F6838B257952EF00A216E0 /* main.m in Sources */ = {isa = PBXBuildFile; fileRef = 68F6838A257952EF00A216E0 /* main.m */; };
		68F6839C2579543100A216E0 /* HBDrink.m in Sources */ = {isa = PBXBuildFile; fileRef = 68F6839B2579543100A216E0 /* HBDrink.m */; };
		68F683A1257958CD00A216E0 /* HBDrinkController.m in Sources */ = {isa = PBXBuildFile; fileRef = 68F683A0257958CD00A216E0 /* HBDrinkController.m */; };
		68F683A52579614000A216E0 /* HBDrinkListTableViewController.swift in Sources */ = {isa = PBXBuildFile; fileRef = 68F683A42579614000A216E0 /* HBDrinkListTableViewController.swift */; };
/* End PBXBuildFile section */

/* Begin PBXFileReference section */
		68F68375257952EA00A216E0 /* Drink-ObjC.app */ = {isa = PBXFileReference; explicitFileType = wrapper.application; includeInIndex = 0; path = "Drink-ObjC.app"; sourceTree = BUILT_PRODUCTS_DIR; };
		68F68378257952EA00A216E0 /* AppDelegate.h */ = {isa = PBXFileReference; lastKnownFileType = sourcecode.c.h; path = AppDelegate.h; sourceTree = "<group>"; };
		68F68379257952EA00A216E0 /* AppDelegate.m */ = {isa = PBXFileReference; lastKnownFileType = sourcecode.c.objc; path = AppDelegate.m; sourceTree = "<group>"; };
		68F6837B257952EA00A216E0 /* SceneDelegate.h */ = {isa = PBXFileReference; lastKnownFileType = sourcecode.c.h; path = SceneDelegate.h; sourceTree = "<group>"; };
		68F6837C257952EA00A216E0 /* SceneDelegate.m */ = {isa = PBXFileReference; lastKnownFileType = sourcecode.c.objc; path = SceneDelegate.m; sourceTree = "<group>"; };
		68F68382257952EA00A216E0 /* Base */ = {isa = PBXFileReference; lastKnownFileType = file.storyboard; name = Base; path = Base.lproj/Main.storyboard; sourceTree = "<group>"; };
		68F68384257952EF00A216E0 /* Assets.xcassets */ = {isa = PBXFileReference; lastKnownFileType = folder.assetcatalog; path = Assets.xcassets; sourceTree = "<group>"; };
		68F68387257952EF00A216E0 /* Base */ = {isa = PBXFileReference; lastKnownFileType = file.storyboard; name = Base; path = Base.lproj/LaunchScreen.storyboard; sourceTree = "<group>"; };
		68F68389257952EF00A216E0 /* Info.plist */ = {isa = PBXFileReference; lastKnownFileType = text.plist.xml; path = Info.plist; sourceTree = "<group>"; };
		68F6838A257952EF00A216E0 /* main.m */ = {isa = PBXFileReference; lastKnownFileType = sourcecode.c.objc; path = main.m; sourceTree = "<group>"; };
		68F6839A2579543100A216E0 /* HBDrink.h */ = {isa = PBXFileReference; lastKnownFileType = sourcecode.c.h; path = HBDrink.h; sourceTree = "<group>"; };
		68F6839B2579543100A216E0 /* HBDrink.m */ = {isa = PBXFileReference; lastKnownFileType = sourcecode.c.objc; path = HBDrink.m; sourceTree = "<group>"; };
		68F6839F257958CD00A216E0 /* HBDrinkController.h */ = {isa = PBXFileReference; lastKnownFileType = sourcecode.c.h; path = HBDrinkController.h; sourceTree = "<group>"; };
		68F683A0257958CD00A216E0 /* HBDrinkController.m */ = {isa = PBXFileReference; lastKnownFileType = sourcecode.c.objc; path = HBDrinkController.m; sourceTree = "<group>"; };
		68F683A32579613F00A216E0 /* Drink-ObjC-Bridging-Header.h */ = {isa = PBXFileReference; lastKnownFileType = sourcecode.c.h; path = "Drink-ObjC-Bridging-Header.h"; sourceTree = "<group>"; };
		68F683A42579614000A216E0 /* HBDrinkListTableViewController.swift */ = {isa = PBXFileReference; lastKnownFileType = sourcecode.swift; path = HBDrinkListTableViewController.swift; sourceTree = "<group>"; };
/* End PBXFileReference section */

/* Begin PBXFrameworksBuildPhase section */
		68F68372257952EA00A216E0 /* Frameworks */ = {
			isa = PBXFrameworksBuildPhase;
			buildActionMask = 2147483647;
			files = (
			);
			runOnlyForDeploymentPostprocessing = 0;
		};
/* End PBXFrameworksBuildPhase section */

/* Begin PBXGroup section */
		68F6836C257952EA00A216E0 = {
			isa = PBXGroup;
			children = (
				68F68377257952EA00A216E0 /* Drink-ObjC */,
				68F68376257952EA00A216E0 /* Products */,
			);
			sourceTree = "<group>";
		};
		68F68376257952EA00A216E0 /* Products */ = {
			isa = PBXGroup;
			children = (
				68F68375257952EA00A216E0 /* Drink-ObjC.app */,
			);
			name = Products;
			sourceTree = "<group>";
		};
		68F68377257952EA00A216E0 /* Drink-ObjC */ = {
			isa = PBXGroup;
			children = (
				68F683972579534900A216E0 /* Model */,
				68F683942579532600A216E0 /* Controllers */,
				68F683922579530400A216E0 /* Resources */,
				68F683982579535600A216E0 /* Storyboard */,
				68F68386257952EF00A216E0 /* LaunchScreen.storyboard */,
			);
			path = "Drink-ObjC";
			sourceTree = "<group>";
		};
		68F683922579530400A216E0 /* Resources */ = {
			isa = PBXGroup;
			children = (
				68F68378257952EA00A216E0 /* AppDelegate.h */,
				68F68379257952EA00A216E0 /* AppDelegate.m */,
				68F6837B257952EA00A216E0 /* SceneDelegate.h */,
				68F6837C257952EA00A216E0 /* SceneDelegate.m */,
				68F68384257952EF00A216E0 /* Assets.xcassets */,
				68F68389257952EF00A216E0 /* Info.plist */,
				68F6838A257952EF00A216E0 /* main.m */,
			);
			path = Resources;
			sourceTree = "<group>";
		};
		68F683942579532600A216E0 /* Controllers */ = {
			isa = PBXGroup;
			children = (
				68F683962579533C00A216E0 /* Model Controller */,
				68F683952579533000A216E0 /* View Controller */,
			);
			path = Controllers;
			sourceTree = "<group>";
		};
		68F683952579533000A216E0 /* View Controller */ = {
			isa = PBXGroup;
			children = (
				68F683A42579614000A216E0 /* HBDrinkListTableViewController.swift */,
				68F683A32579613F00A216E0 /* Drink-ObjC-Bridging-Header.h */,
			);
			path = "View Controller";
			sourceTree = "<group>";
		};
		68F683962579533C00A216E0 /* Model Controller */ = {
			isa = PBXGroup;
			children = (
				68F6839F257958CD00A216E0 /* HBDrinkController.h */,
				68F683A0257958CD00A216E0 /* HBDrinkController.m */,
			);
			path = "Model Controller";
			sourceTree = "<group>";
		};
		68F683972579534900A216E0 /* Model */ = {
			isa = PBXGroup;
			children = (
				68F6839A2579543100A216E0 /* HBDrink.h */,
				68F6839B2579543100A216E0 /* HBDrink.m */,
			);
			path = Model;
			sourceTree = "<group>";
		};
		68F683982579535600A216E0 /* Storyboard */ = {
			isa = PBXGroup;
			children = (
				68F68381257952EA00A216E0 /* Main.storyboard */,
			);
			path = Storyboard;
			sourceTree = "<group>";
		};
/* End PBXGroup section */

/* Begin PBXNativeTarget section */
		68F68374257952EA00A216E0 /* Drink-ObjC */ = {
			isa = PBXNativeTarget;
			buildConfigurationList = 68F6838E257952EF00A216E0 /* Build configuration list for PBXNativeTarget "Drink-ObjC" */;
			buildPhases = (
				68F68371257952EA00A216E0 /* Sources */,
				68F68372257952EA00A216E0 /* Frameworks */,
				68F68373257952EA00A216E0 /* Resources */,
			);
			buildRules = (
			);
			dependencies = (
			);
			name = "Drink-ObjC";
			productName = "Drink-ObjC";
			productReference = 68F68375257952EA00A216E0 /* Drink-ObjC.app */;
			productType = "com.apple.product-type.application";
		};
/* End PBXNativeTarget section */

/* Begin PBXProject section */
		68F6836D257952EA00A216E0 /* Project object */ = {
			isa = PBXProject;
			attributes = {
				CLASSPREFIX = HB;
				LastUpgradeCheck = 1210;
				TargetAttributes = {
					68F68374257952EA00A216E0 = {
						CreatedOnToolsVersion = 12.1;
						LastSwiftMigration = 1210;
					};
				};
			};
			buildConfigurationList = 68F68370257952EA00A216E0 /* Build configuration list for PBXProject "Drink-ObjC" */;
			compatibilityVersion = "Xcode 9.3";
			developmentRegion = en;
			hasScannedForEncodings = 0;
			knownRegions = (
				en,
				Base,
			);
			mainGroup = 68F6836C257952EA00A216E0;
			productRefGroup = 68F68376257952EA00A216E0 /* Products */;
			projectDirPath = "";
			projectRoot = "";
			targets = (
				68F68374257952EA00A216E0 /* Drink-ObjC */,
			);
		};
/* End PBXProject section */

/* Begin PBXResourcesBuildPhase section */
		68F68373257952EA00A216E0 /* Resources */ = {
			isa = PBXResourcesBuildPhase;
			buildActionMask = 2147483647;
			files = (
				68F68388257952EF00A216E0 /* LaunchScreen.storyboard in Resources */,
				68F68385257952EF00A216E0 /* Assets.xcassets in Resources */,
				68F68383257952EA00A216E0 /* Main.storyboard in Resources */,
			);
			runOnlyForDeploymentPostprocessing = 0;
		};
/* End PBXResourcesBuildPhase section */

/* Begin PBXSourcesBuildPhase section */
		68F68371257952EA00A216E0 /* Sources */ = {
			isa = PBXSourcesBuildPhase;
			buildActionMask = 2147483647;
			files = (
				68F6837A257952EA00A216E0 /* AppDelegate.m in Sources */,
				68F683A1257958CD00A216E0 /* HBDrinkController.m in Sources */,
				68F683A52579614000A216E0 /* HBDrinkListTableViewController.swift in Sources */,
				68F6838B257952EF00A216E0 /* main.m in Sources */,
				68F6839C2579543100A216E0 /* HBDrink.m in Sources */,
				68F6837D257952EA00A216E0 /* SceneDelegate.m in Sources */,
			);
			runOnlyForDeploymentPostprocessing = 0;
		};
/* End PBXSourcesBuildPhase section */

/* Begin PBXVariantGroup section */
		68F68381257952EA00A216E0 /* Main.storyboard */ = {
			isa = PBXVariantGroup;
			children = (
				68F68382257952EA00A216E0 /* Base */,
			);
			name = Main.storyboard;
			sourceTree = "<group>";
		};
		68F68386257952EF00A216E0 /* LaunchScreen.storyboard */ = {
			isa = PBXVariantGroup;
			children = (
				68F68387257952EF00A216E0 /* Base */,
			);
			name = LaunchScreen.storyboard;
			sourceTree = "<group>";
		};
/* End PBXVariantGroup section */

/* Begin XCBuildConfiguration section */
		68F6838C257952EF00A216E0 /* Debug */ = {
			isa = XCBuildConfiguration;
			buildSettings = {
				ALWAYS_SEARCH_USER_PATHS = NO;
				CLANG_ANALYZER_NONNULL = YES;
				CLANG_ANALYZER_NUMBER_OBJECT_CONVERSION = YES_AGGRESSIVE;
				CLANG_CXX_LANGUAGE_STANDARD = "gnu++14";
				CLANG_CXX_LIBRARY = "libc++";
				CLANG_ENABLE_MODULES = YES;
				CLANG_ENABLE_OBJC_ARC = YES;
				CLANG_ENABLE_OBJC_WEAK = YES;
				CLANG_WARN_BLOCK_CAPTURE_AUTORELEASING = YES;
				CLANG_WARN_BOOL_CONVERSION = YES;
				CLANG_WARN_COMMA = YES;
				CLANG_WARN_CONSTANT_CONVERSION = YES;
				CLANG_WARN_DEPRECATED_OBJC_IMPLEMENTATIONS = YES;
				CLANG_WARN_DIRECT_OBJC_ISA_USAGE = YES_ERROR;
				CLANG_WARN_DOCUMENTATION_COMMENTS = YES;
				CLANG_WARN_EMPTY_BODY = YES;
				CLANG_WARN_ENUM_CONVERSION = YES;
				CLANG_WARN_INFINITE_RECURSION = YES;
				CLANG_WARN_INT_CONVERSION = YES;
				CLANG_WARN_NON_LITERAL_NULL_CONVERSION = YES;
				CLANG_WARN_OBJC_IMPLICIT_RETAIN_SELF = YES;
				CLANG_WARN_OBJC_LITERAL_CONVERSION = YES;
				CLANG_WARN_OBJC_ROOT_CLASS = YES_ERROR;
				CLANG_WARN_QUOTED_INCLUDE_IN_FRAMEWORK_HEADER = YES;
				CLANG_WARN_RANGE_LOOP_ANALYSIS = YES;
				CLANG_WARN_STRICT_PROTOTYPES = YES;
				CLANG_WARN_SUSPICIOUS_MOVE = YES;
				CLANG_WARN_UNGUARDED_AVAILABILITY = YES_AGGRESSIVE;
				CLANG_WARN_UNREACHABLE_CODE = YES;
				CLANG_WARN__DUPLICATE_METHOD_MATCH = YES;
				COPY_PHASE_STRIP = NO;
				DEBUG_INFORMATION_FORMAT = dwarf;
				ENABLE_STRICT_OBJC_MSGSEND = YES;
				ENABLE_TESTABILITY = YES;
				GCC_C_LANGUAGE_STANDARD = gnu11;
				GCC_DYNAMIC_NO_PIC = NO;
				GCC_NO_COMMON_BLOCKS = YES;
				GCC_OPTIMIZATION_LEVEL = 0;
				GCC_PREPROCESSOR_DEFINITIONS = (
					"DEBUG=1",
					"$(inherited)",
				);
				GCC_WARN_64_TO_32_BIT_CONVERSION = YES;
				GCC_WARN_ABOUT_RETURN_TYPE = YES_ERROR;
				GCC_WARN_UNDECLARED_SELECTOR = YES;
				GCC_WARN_UNINITIALIZED_AUTOS = YES_AGGRESSIVE;
				GCC_WARN_UNUSED_FUNCTION = YES;
				GCC_WARN_UNUSED_VARIABLE = YES;
				IPHONEOS_DEPLOYMENT_TARGET = 14.1;
				MTL_ENABLE_DEBUG_INFO = INCLUDE_SOURCE;
				MTL_FAST_MATH = YES;
				ONLY_ACTIVE_ARCH = YES;
				SDKROOT = iphoneos;
			};
			name = Debug;
		};
		68F6838D257952EF00A216E0 /* Release */ = {
			isa = XCBuildConfiguration;
			buildSettings = {
				ALWAYS_SEARCH_USER_PATHS = NO;
				CLANG_ANALYZER_NONNULL = YES;
				CLANG_ANALYZER_NUMBER_OBJECT_CONVERSION = YES_AGGRESSIVE;
				CLANG_CXX_LANGUAGE_STANDARD = "gnu++14";
				CLANG_CXX_LIBRARY = "libc++";
				CLANG_ENABLE_MODULES = YES;
				CLANG_ENABLE_OBJC_ARC = YES;
				CLANG_ENABLE_OBJC_WEAK = YES;
				CLANG_WARN_BLOCK_CAPTURE_AUTORELEASING = YES;
				CLANG_WARN_BOOL_CONVERSION = YES;
				CLANG_WARN_COMMA = YES;
				CLANG_WARN_CONSTANT_CONVERSION = YES;
				CLANG_WARN_DEPRECATED_OBJC_IMPLEMENTATIONS = YES;
				CLANG_WARN_DIRECT_OBJC_ISA_USAGE = YES_ERROR;
				CLANG_WARN_DOCUMENTATION_COMMENTS = YES;
				CLANG_WARN_EMPTY_BODY = YES;
				CLANG_WARN_ENUM_CONVERSION = YES;
				CLANG_WARN_INFINITE_RECURSION = YES;
				CLANG_WARN_INT_CONVERSION = YES;
				CLANG_WARN_NON_LITERAL_NULL_CONVERSION = YES;
				CLANG_WARN_OBJC_IMPLICIT_RETAIN_SELF = YES;
				CLANG_WARN_OBJC_LITERAL_CONVERSION = YES;
				CLANG_WARN_OBJC_ROOT_CLASS = YES_ERROR;
				CLANG_WARN_QUOTED_INCLUDE_IN_FRAMEWORK_HEADER = YES;
				CLANG_WARN_RANGE_LOOP_ANALYSIS = YES;
				CLANG_WARN_STRICT_PROTOTYPES = YES;
				CLANG_WARN_SUSPICIOUS_MOVE = YES;
				CLANG_WARN_UNGUARDED_AVAILABILITY = YES_AGGRESSIVE;
				CLANG_WARN_UNREACHABLE_CODE = YES;
				CLANG_WARN__DUPLICATE_METHOD_MATCH = YES;
				COPY_PHASE_STRIP = NO;
				DEBUG_INFORMATION_FORMAT = "dwarf-with-dsym";
				ENABLE_NS_ASSERTIONS = NO;
				ENABLE_STRICT_OBJC_MSGSEND = YES;
				GCC_C_LANGUAGE_STANDARD = gnu11;
				GCC_NO_COMMON_BLOCKS = YES;
				GCC_WARN_64_TO_32_BIT_CONVERSION = YES;
				GCC_WARN_ABOUT_RETURN_TYPE = YES_ERROR;
				GCC_WARN_UNDECLARED_SELECTOR = YES;
				GCC_WARN_UNINITIALIZED_AUTOS = YES_AGGRESSIVE;
				GCC_WARN_UNUSED_FUNCTION = YES;
				GCC_WARN_UNUSED_VARIABLE = YES;
				IPHONEOS_DEPLOYMENT_TARGET = 14.1;
				MTL_ENABLE_DEBUG_INFO = NO;
				MTL_FAST_MATH = YES;
				SDKROOT = iphoneos;
				VALIDATE_PRODUCT = YES;
			};
			name = Release;
		};
		68F6838F257952EF00A216E0 /* Debug */ = {
			isa = XCBuildConfiguration;
			buildSettings = {
				ASSETCATALOG_COMPILER_APPICON_NAME = AppIcon;
				ASSETCATALOG_COMPILER_GLOBAL_ACCENT_COLOR_NAME = AccentColor;
				CLANG_ENABLE_MODULES = YES;
				CODE_SIGN_STYLE = Automatic;
				DEVELOPMENT_TEAM = MB9J78CVZ9;
				INFOPLIST_FILE = "Drink-ObjC/Resources/Info.plist";
				LD_RUNPATH_SEARCH_PATHS = (
					"$(inherited)",
					"@executable_path/Frameworks",
				);
				PRODUCT_BUNDLE_IDENTIFIER = "heli.bavishi.Drink-ObjC";
				PRODUCT_NAME = "$(TARGET_NAME)";
				SWIFT_OBJC_BRIDGING_HEADER = "Drink-ObjC/Controllers/View Controller/Drink-ObjC-Bridging-Header.h";
				SWIFT_OPTIMIZATION_LEVEL = "-Onone";
				SWIFT_VERSION = 5.0;
				TARGETED_DEVICE_FAMILY = "1,2";
			};
			name = Debug;
		};
		68F68390257952EF00A216E0 /* Release */ = {
			isa = XCBuildConfiguration;
			buildSettings = {
				ASSETCATALOG_COMPILER_APPICON_NAME = AppIcon;
				ASSETCATALOG_COMPILER_GLOBAL_ACCENT_COLOR_NAME = AccentColor;
				CLANG_ENABLE_MODULES = YES;
				CODE_SIGN_STYLE = Automatic;
				DEVELOPMENT_TEAM = MB9J78CVZ9;
				INFOPLIST_FILE = "Drink-ObjC/Resources/Info.plist";
				LD_RUNPATH_SEARCH_PATHS = (
					"$(inherited)",
					"@executable_path/Frameworks",
				);
				PRODUCT_BUNDLE_IDENTIFIER = "heli.bavishi.Drink-ObjC";
				PRODUCT_NAME = "$(TARGET_NAME)";
				SWIFT_OBJC_BRIDGING_HEADER = "Drink-ObjC/Controllers/View Controller/Drink-ObjC-Bridging-Header.h";
				SWIFT_VERSION = 5.0;
				TARGETED_DEVICE_FAMILY = "1,2";
			};
			name = Release;
		};
/* End XCBuildConfiguration section */

/* Begin XCConfigurationList section */
		68F68370257952EA00A216E0 /* Build configuration list for PBXProject "Drink-ObjC" */ = {
			isa = XCConfigurationList;
			buildConfigurations = (
				68F6838C257952EF00A216E0 /* Debug */,
				68F6838D257952EF00A216E0 /* Release */,
			);
			defaultConfigurationIsVisible = 0;
			defaultConfigurationName = Release;
		};
		68F6838E257952EF00A216E0 /* Build configuration list for PBXNativeTarget "Drink-ObjC" */ = {
			isa = XCConfigurationList;
			buildConfigurations = (
				68F6838F257952EF00A216E0 /* Debug */,
				68F68390257952EF00A216E0 /* Release */,
			);
			defaultConfigurationIsVisible = 0;
			defaultConfigurationName = Release;
		};
/* End XCConfigurationList section */
	};
	rootObject = 68F6836D257952EA00A216E0 /* Project object */;
}
